
Microsoft Visual Studio Solution File, Format Version 12.00
# Visual Studio Version 17
VisualStudioVersion = 17.3.32901.215
MinimumVisualStudioVersion = 10.0.40219.1
Project("{FAE04EC0-301F-11D3-BF4B-00C04F79EFBC}") = "ApplicationEau", "ApplicationEau\ApplicationEau.csproj", "{745D7CFB-A7E3-4BA0-99C3-DDF734594A38}"
EndProject
Global
	GlobalSection(SolutionConfigurationPlatforms) = preSolution
		Debug|Any CPU = Debug|Any CPU
		Release|Any CPU = Release|Any CPU
	EndGlobalSection
	GlobalSection(ProjectConfigurationPlatforms) = postSolution
		{745D7CFB-A7E3-4BA0-99C3-DDF734594A38}.Debug|Any CPU.ActiveCfg = Debug|Any CPU
		{745D7CFB-A7E3-4BA0-99C3-DDF734594A38}.Debug|Any CPU.Build.0 = Debug|Any CPU
		{745D7CFB-A7E3-4BA0-99C3-DDF734594A38}.Release|Any CPU.ActiveCfg = Release|Any CPU
		{745D7CFB-A7E3-4BA0-99C3-DDF734594A38}.Release|Any CPU.Build.0 = Release|Any CPU
	EndGlobalSection
	GlobalSection(SolutionProperties) = preSolution
		HideSolutionNode = FALSE
	EndGlobalSection
	GlobalSection(ExtensibilityGlobals) = postSolution
		SolutionGuid = {A26CBCB6-CA54-4DDE-871D-1C629FF89ED7}
	EndGlobalSection
EndGlobal
